{
  "requires": true,
  "lockfileVersion": 1,
  "dependencies": {
    "oidc-client": {
      "version": "1.8.2",
      "resolved": "https://registry.npmjs.org/oidc-client/-/oidc-client-1.8.2.tgz",
      "integrity": "sha512-WwoSY8S6QyNN3qpne88YurjNqjTf6z1Xr0y+OrFVvdnVPYcefkTtXlZ5iOwR2JrmP4vBuq2j8eTjUJyDZFrFNQ==",
      "requires": {
        "uuid": "^3.3.2"
      }
    },
    "uuid": {
      "version": "3.3.2",
      "resolved": "https://registry.npmjs.org/uuid/-/uuid-3.3.2.tgz",
      "integrity": "sha512-yXJmeNaw3DnnKAOKJE51sL/ZaYfWJRl1pK9dr19YFCu0ObS231AB1/LbqTKRAQ5kw8A90rA6fr4riOUpTZvQZA=="
    }
  }
}
